<?xml version="1.0" encoding="UTF-8" standalone="yes" ?>
<CodeBlocks_project_file>
	<FileVersion major="1" minor="6" />
	<Project>
		<Option title="gerador de wordlist" />
		<Option platforms="Windows;" />
		<Option pch_mode="2" />
		<Option compiler="gcc" />
		<Build>
			<Target title="Release">
				<Option platforms="Windows;" />
				<Option output="bin/Release/gerador de wordlist" prefix_auto="1" extension_auto="1" />
				<Option object_output="obj/Release/" />
				<Option type="0" />
				<Option compiler="gcc" />
				<Option projectLinkerOptionsRelation="2" />
				<Compiler>
					<Add option="-O2" />
					<Add directory="E:/wxWidgets-3.0.2/lib/gcc_dll/mswu" />
				</Compiler>
				<ResourceCompiler>
					<Add directory="E:/wxWidgets-3.0.2/lib/gcc_dll/mswu" />
				</ResourceCompiler>
				<Linker>
					<Add option="-s" />
					<Add library="libwxmsw30u.a" />
					<Add directory="E:/wxWidgets-3.0.2/lib/gcc_dll" />
				</Linker>
			</Target>
		</Build>
		<Compiler>
			<Add option="-pipe" />
			<Add option="-mthreads" />
			<Add option="-D__GNUWIN32__" />
			<Add option="-D__WXMSW__" />
			<Add option="-DWXUSINGDLL" />
			<Add option="-DwxUSE_UNICODE" />
			<Add option="-Wall" />
			<Add directory="E:/wxWidgets-3.0.2/include" />
		</Compiler>
		<ResourceCompiler>
			<Add directory="E:/wxWidgets-3.0.2/include" />
		</ResourceCompiler>
		<Linker>
			<Add option="-mthreads" />
		</Linker>
		<Unit filename="gerador_de_wordlistApp.cpp" />
		<Unit filename="gerador_de_wordlistApp.h" />
		<Unit filename="gerador_de_wordlistMain.cpp" />
		<Unit filename="gerador_de_wordlistMain.h" />
		<Unit filename="resource.rc">
			<Option compilerVar="WINDRES" />
		</Unit>
		<Unit filename="wxsmith/gerador_de_wordlistframe.wxs" />
		<Extensions>
			<code_completion />
			<envvars />
			<debugger />
			<wxsmith version="1">
				<gui name="wxWidgets" src="gerador_de_wordlistApp.cpp" main="gerador_de_wordlistFrame" init_handlers="necessary" language="CPP" />
				<resources>
					<wxFrame wxs="wxsmith/gerador_de_wordlistframe.wxs" src="gerador_de_wordlistMain.cpp" hdr="gerador_de_wordlistMain.h" fwddecl="0" i18n="1" name="gerador_de_wordlistFrame" language="CPP" />
				</resources>
			</wxsmith>
		</Extensions>
	</Project>
</CodeBlocks_project_file>
